// !$*UTF8*$!
{
	archiveVersion = 1;
	classes = {
	};
	objectVersion = 56;
	objects = {

/* Begin PBXBuildFile section */
		21667BEF2A4A1E870046A4A3 /* WeatherApp.swift in Sources */ = {isa = PBXBuildFile; fileRef = 21667BEE2A4A1E870046A4A3 /* WeatherApp.swift */; };
		21667BF12A4A1E870046A4A3 /* ContentView.swift in Sources */ = {isa = PBXBuildFile; fileRef = 21667BF02A4A1E870046A4A3 /* ContentView.swift */; };
		21667BF32A4A1E880046A4A3 /* Assets.xcassets in Resources */ = {isa = PBXBuildFile; fileRef = 21667BF22A4A1E880046A4A3 /* Assets.xcassets */; };
		21667BF62A4A1E880046A4A3 /* Preview Assets.xcassets in Resources */ = {isa = PBXBuildFile; fileRef = 21667BF52A4A1E880046A4A3 /* Preview Assets.xcassets */; };
		21667BFE2A4A1F520046A4A3 /* LocationManager.swift in Sources */ = {isa = PBXBuildFile; fileRef = 21667BFD2A4A1F520046A4A3 /* LocationManager.swift */; };
		21667C012A4A42B20046A4A3 /* WelcomeView.swift in Sources */ = {isa = PBXBuildFile; fileRef = 21667C002A4A42B20046A4A3 /* WelcomeView.swift */; };
		21667C032A4A48B40046A4A3 /* LoadingView.swift in Sources */ = {isa = PBXBuildFile; fileRef = 21667C022A4A48B40046A4A3 /* LoadingView.swift */; };
		21667C052A4A4A9B0046A4A3 /* WeatherManager.swift in Sources */ = {isa = PBXBuildFile; fileRef = 21667C042A4A4A9B0046A4A3 /* WeatherManager.swift */; };
		21667C072A4A561D0046A4A3 /* WeatherView.swift in Sources */ = {isa = PBXBuildFile; fileRef = 21667C062A4A561C0046A4A3 /* WeatherView.swift */; };
		21667C092A4A566F0046A4A3 /* ModelData.swift in Sources */ = {isa = PBXBuildFile; fileRef = 21667C082A4A566F0046A4A3 /* ModelData.swift */; };
		21667C0B2A4A56D70046A4A3 /* WeatherData.json in Resources */ = {isa = PBXBuildFile; fileRef = 21667C0A2A4A56D70046A4A3 /* WeatherData.json */; };
		21667C0D2A4A591E0046A4A3 /* Extensions.swift in Sources */ = {isa = PBXBuildFile; fileRef = 21667C0C2A4A591E0046A4A3 /* Extensions.swift */; };
		21667C122A4A61690046A4A3 /* WeatherRow.swift in Sources */ = {isa = PBXBuildFile; fileRef = 21667C112A4A61690046A4A3 /* WeatherRow.swift */; };
/* End PBXBuildFile section */

/* Begin PBXFileReference section */
		21667BEB2A4A1E870046A4A3 /* Weather.app */ = {isa = PBXFileReference; explicitFileType = wrapper.application; includeInIndex = 0; path = Weather.app; sourceTree = BUILT_PRODUCTS_DIR; };
		21667BEE2A4A1E870046A4A3 /* WeatherApp.swift */ = {isa = PBXFileReference; lastKnownFileType = sourcecode.swift; path = WeatherApp.swift; sourceTree = "<group>"; };
		21667BF02A4A1E870046A4A3 /* ContentView.swift */ = {isa = PBXFileReference; lastKnownFileType = sourcecode.swift; path = ContentView.swift; sourceTree = "<group>"; };
		21667BF22A4A1E880046A4A3 /* Assets.xcassets */ = {isa = PBXFileReference; lastKnownFileType = folder.assetcatalog; path = Assets.xcassets; sourceTree = "<group>"; };
		21667BF52A4A1E880046A4A3 /* Preview Assets.xcassets */ = {isa = PBXFileReference; lastKnownFileType = folder.assetcatalog; path = "Preview Assets.xcassets"; sourceTree = "<group>"; };
		21667BFD2A4A1F520046A4A3 /* LocationManager.swift */ = {isa = PBXFileReference; lastKnownFileType = sourcecode.swift; path = LocationManager.swift; sourceTree = "<group>"; };
		21667C002A4A42B20046A4A3 /* WelcomeView.swift */ = {isa = PBXFileReference; lastKnownFileType = sourcecode.swift; path = WelcomeView.swift; sourceTree = "<group>"; };
		21667C022A4A48B40046A4A3 /* LoadingView.swift */ = {isa = PBXFileReference; lastKnownFileType = sourcecode.swift; path = LoadingView.swift; sourceTree = "<group>"; };
		21667C042A4A4A9B0046A4A3 /* WeatherManager.swift */ = {isa = PBXFileReference; lastKnownFileType = sourcecode.swift; path = WeatherManager.swift; sourceTree = "<group>"; };
		21667C062A4A561C0046A4A3 /* WeatherView.swift */ = {isa = PBXFileReference; lastKnownFileType = sourcecode.swift; path = WeatherView.swift; sourceTree = "<group>"; };
		21667C082A4A566F0046A4A3 /* ModelData.swift */ = {isa = PBXFileReference; lastKnownFileType = sourcecode.swift; path = ModelData.swift; sourceTree = "<group>"; };
		21667C0A2A4A56D70046A4A3 /* WeatherData.json */ = {isa = PBXFileReference; lastKnownFileType = text.json; path = WeatherData.json; sourceTree = "<group>"; };
		21667C0C2A4A591E0046A4A3 /* Extensions.swift */ = {isa = PBXFileReference; lastKnownFileType = sourcecode.swift; path = Extensions.swift; sourceTree = "<group>"; };
		21667C112A4A61690046A4A3 /* WeatherRow.swift */ = {isa = PBXFileReference; lastKnownFileType = sourcecode.swift; path = WeatherRow.swift; sourceTree = "<group>"; };
/* End PBXFileReference section */

/* Begin PBXFrameworksBuildPhase section */
		21667BE82A4A1E870046A4A3 /* Frameworks */ = {
			isa = PBXFrameworksBuildPhase;
			buildActionMask = 2147483647;
			files = (
			);
			runOnlyForDeploymentPostprocessing = 0;
		};
/* End PBXFrameworksBuildPhase section */

/* Begin PBXGroup section */
		21667BE22A4A1E870046A4A3 = {
			isa = PBXGroup;
			children = (
				21667BED2A4A1E870046A4A3 /* Weather */,
				21667BEC2A4A1E870046A4A3 /* Products */,
			);
			sourceTree = "<group>";
		};
		21667BEC2A4A1E870046A4A3 /* Products */ = {
			isa = PBXGroup;
			children = (
				21667BEB2A4A1E870046A4A3 /* Weather.app */,
			);
			name = Products;
			sourceTree = "<group>";
		};
		21667BED2A4A1E870046A4A3 /* Weather */ = {
			isa = PBXGroup;
			children = (
				21667C102A4A61550046A4A3 /* Components */,
				21667BFF2A4A42150046A4A3 /* Views */,
				21667BFC2A4A1F2C0046A4A3 /* Managers */,
				21667BEE2A4A1E870046A4A3 /* WeatherApp.swift */,
				21667BF22A4A1E880046A4A3 /* Assets.xcassets */,
				21667BF42A4A1E880046A4A3 /* Preview Content */,
				21667C0C2A4A591E0046A4A3 /* Extensions.swift */,
			);
			path = Weather;
			sourceTree = "<group>";
		};
		21667BF42A4A1E880046A4A3 /* Preview Content */ = {
			isa = PBXGroup;
			children = (
				21667BF52A4A1E880046A4A3 /* Preview Assets.xcassets */,
				21667C082A4A566F0046A4A3 /* ModelData.swift */,
				21667C0A2A4A56D70046A4A3 /* WeatherData.json */,
			);
			path = "Preview Content";
			sourceTree = "<group>";
		};
		21667BFC2A4A1F2C0046A4A3 /* Managers */ = {
			isa = PBXGroup;
			children = (
				21667BFD2A4A1F520046A4A3 /* LocationManager.swift */,
				21667C042A4A4A9B0046A4A3 /* WeatherManager.swift */,
			);
			path = Managers;
			sourceTree = "<group>";
		};
		21667BFF2A4A42150046A4A3 /* Views */ = {
			isa = PBXGroup;
			children = (
				21667BF02A4A1E870046A4A3 /* ContentView.swift */,
				21667C062A4A561C0046A4A3 /* WeatherView.swift */,
				21667C022A4A48B40046A4A3 /* LoadingView.swift */,
				21667C002A4A42B20046A4A3 /* WelcomeView.swift */,
			);
			path = Views;
			sourceTree = "<group>";
		};
		21667C102A4A61550046A4A3 /* Components */ = {
			isa = PBXGroup;
			children = (
				21667C112A4A61690046A4A3 /* WeatherRow.swift */,
			);
			path = Components;
			sourceTree = "<group>";
		};
/* End PBXGroup section */

/* Begin PBXNativeTarget section */
		21667BEA2A4A1E870046A4A3 /* Weather */ = {
			isa = PBXNativeTarget;
			buildConfigurationList = 21667BF92A4A1E880046A4A3 /* Build configuration list for PBXNativeTarget "Weather" */;
			buildPhases = (
				21667BE72A4A1E870046A4A3 /* Sources */,
				21667BE82A4A1E870046A4A3 /* Frameworks */,
				21667BE92A4A1E870046A4A3 /* Resources */,
			);
			buildRules = (
			);
			dependencies = (
			);
			name = Weather;
			productName = Weather;
			productReference = 21667BEB2A4A1E870046A4A3 /* Weather.app */;
			productType = "com.apple.product-type.application";
		};
/* End PBXNativeTarget section */

/* Begin PBXProject section */
		21667BE32A4A1E870046A4A3 /* Project object */ = {
			isa = PBXProject;
			attributes = {
				BuildIndependentTargetsInParallel = 1;
				LastSwiftUpdateCheck = 1430;
				LastUpgradeCheck = 1430;
				TargetAttributes = {
					21667BEA2A4A1E870046A4A3 = {
						CreatedOnToolsVersion = 14.3;
					};
				};
			};
			buildConfigurationList = 21667BE62A4A1E870046A4A3 /* Build configuration list for PBXProject "Weather" */;
			compatibilityVersion = "Xcode 14.0";
			developmentRegion = en;
			hasScannedForEncodings = 0;
			knownRegions = (
				en,
				Base,
			);
			mainGroup = 21667BE22A4A1E870046A4A3;
			productRefGroup = 21667BEC2A4A1E870046A4A3 /* Products */;
			projectDirPath = "";
			projectRoot = "";
			targets = (
				21667BEA2A4A1E870046A4A3 /* Weather */,
			);
		};
/* End PBXProject section */

/* Begin PBXResourcesBuildPhase section */
		21667BE92A4A1E870046A4A3 /* Resources */ = {
			isa = PBXResourcesBuildPhase;
			buildActionMask = 2147483647;
			files = (
				21667C0B2A4A56D70046A4A3 /* WeatherData.json in Resources */,
				21667BF62A4A1E880046A4A3 /* Preview Assets.xcassets in Resources */,
				21667BF32A4A1E880046A4A3 /* Assets.xcassets in Resources */,
			);
			runOnlyForDeploymentPostprocessing = 0;
		};
/* End PBXResourcesBuildPhase section */

/* Begin PBXSourcesBuildPhase section */
		21667BE72A4A1E870046A4A3 /* Sources */ = {
			isa = PBXSourcesBuildPhase;
			buildActionMask = 2147483647;
			files = (
				21667C122A4A61690046A4A3 /* WeatherRow.swift in Sources */,
				21667C052A4A4A9B0046A4A3 /* WeatherManager.swift in Sources */,
				21667C0D2A4A591E0046A4A3 /* Extensions.swift in Sources */,
				21667BF12A4A1E870046A4A3 /* ContentView.swift in Sources */,
				21667BEF2A4A1E870046A4A3 /* WeatherApp.swift in Sources */,
				21667BFE2A4A1F520046A4A3 /* LocationManager.swift in Sources */,
				21667C032A4A48B40046A4A3 /* LoadingView.swift in Sources */,
				21667C092A4A566F0046A4A3 /* ModelData.swift in Sources */,
				21667C072A4A561D0046A4A3 /* WeatherView.swift in Sources */,
				21667C012A4A42B20046A4A3 /* WelcomeView.swift in Sources */,
			);
			runOnlyForDeploymentPostprocessing = 0;
		};
/* End PBXSourcesBuildPhase section */

/* Begin XCBuildConfiguration section */
		21667BF72A4A1E880046A4A3 /* Debug */ = {
			isa = XCBuildConfiguration;
			buildSettings = {
				ALWAYS_SEARCH_USER_PATHS = NO;
				CLANG_ANALYZER_NONNULL = YES;
				CLANG_ANALYZER_NUMBER_OBJECT_CONVERSION = YES_AGGRESSIVE;
				CLANG_CXX_LANGUAGE_STANDARD = "gnu++20";
				CLANG_ENABLE_MODULES = YES;
				CLANG_ENABLE_OBJC_ARC = YES;
				CLANG_ENABLE_OBJC_WEAK = YES;
				CLANG_WARN_BLOCK_CAPTURE_AUTORELEASING = YES;
				CLANG_WARN_BOOL_CONVERSION = YES;
				CLANG_WARN_COMMA = YES;
				CLANG_WARN_CONSTANT_CONVERSION = YES;
				CLANG_WARN_DEPRECATED_OBJC_IMPLEMENTATIONS = YES;
				CLANG_WARN_DIRECT_OBJC_ISA_USAGE = YES_ERROR;
				CLANG_WARN_DOCUMENTATION_COMMENTS = YES;
				CLANG_WARN_EMPTY_BODY = YES;
				CLANG_WARN_ENUM_CONVERSION = YES;
				CLANG_WARN_INFINITE_RECURSION = YES;
				CLANG_WARN_INT_CONVERSION = YES;
				CLANG_WARN_NON_LITERAL_NULL_CONVERSION = YES;
				CLANG_WARN_OBJC_IMPLICIT_RETAIN_SELF = YES;
				CLANG_WARN_OBJC_LITERAL_CONVERSION = YES;
				CLANG_WARN_OBJC_ROOT_CLASS = YES_ERROR;
				CLANG_WARN_QUOTED_INCLUDE_IN_FRAMEWORK_HEADER = YES;
				CLANG_WARN_RANGE_LOOP_ANALYSIS = YES;
				CLANG_WARN_STRICT_PROTOTYPES = YES;
				CLANG_WARN_SUSPICIOUS_MOVE = YES;
				CLANG_WARN_UNGUARDED_AVAILABILITY = YES_AGGRESSIVE;
				CLANG_WARN_UNREACHABLE_CODE = YES;
				CLANG_WARN__DUPLICATE_METHOD_MATCH = YES;
				COPY_PHASE_STRIP = NO;
				DEBUG_INFORMATION_FORMAT = dwarf;
				ENABLE_STRICT_OBJC_MSGSEND = YES;
				ENABLE_TESTABILITY = YES;
				GCC_C_LANGUAGE_STANDARD = gnu11;
				GCC_DYNAMIC_NO_PIC = NO;
				GCC_NO_COMMON_BLOCKS = YES;
				GCC_OPTIMIZATION_LEVEL = 0;
				GCC_PREPROCESSOR_DEFINITIONS = (
					"DEBUG=1",
					"$(inherited)",
				);
				GCC_WARN_64_TO_32_BIT_CONVERSION = YES;
				GCC_WARN_ABOUT_RETURN_TYPE = YES_ERROR;
				GCC_WARN_UNDECLARED_SELECTOR = YES;
				GCC_WARN_UNINITIALIZED_AUTOS = YES_AGGRESSIVE;
				GCC_WARN_UNUSED_FUNCTION = YES;
				GCC_WARN_UNUSED_VARIABLE = YES;
				IPHONEOS_DEPLOYMENT_TARGET = 16.4;
				MTL_ENABLE_DEBUG_INFO = INCLUDE_SOURCE;
				MTL_FAST_MATH = YES;
				ONLY_ACTIVE_ARCH = YES;
				SDKROOT = iphoneos;
				SWIFT_ACTIVE_COMPILATION_CONDITIONS = DEBUG;
				SWIFT_OPTIMIZATION_LEVEL = "-Onone";
			};
			name = Debug;
		};
		21667BF82A4A1E880046A4A3 /* Release */ = {
			isa = XCBuildConfiguration;
			buildSettings = {
				ALWAYS_SEARCH_USER_PATHS = NO;
				CLANG_ANALYZER_NONNULL = YES;
				CLANG_ANALYZER_NUMBER_OBJECT_CONVERSION = YES_AGGRESSIVE;
				CLANG_CXX_LANGUAGE_STANDARD = "gnu++20";
				CLANG_ENABLE_MODULES = YES;
				CLANG_ENABLE_OBJC_ARC = YES;
				CLANG_ENABLE_OBJC_WEAK = YES;
				CLANG_WARN_BLOCK_CAPTURE_AUTORELEASING = YES;
				CLANG_WARN_BOOL_CONVERSION = YES;
				CLANG_WARN_COMMA = YES;
				CLANG_WARN_CONSTANT_CONVERSION = YES;
				CLANG_WARN_DEPRECATED_OBJC_IMPLEMENTATIONS = YES;
				CLANG_WARN_DIRECT_OBJC_ISA_USAGE = YES_ERROR;
				CLANG_WARN_DOCUMENTATION_COMMENTS = YES;
				CLANG_WARN_EMPTY_BODY = YES;
				CLANG_WARN_ENUM_CONVERSION = YES;
				CLANG_WARN_INFINITE_RECURSION = YES;
				CLANG_WARN_INT_CONVERSION = YES;
				CLANG_WARN_NON_LITERAL_NULL_CONVERSION = YES;
				CLANG_WARN_OBJC_IMPLICIT_RETAIN_SELF = YES;
				CLANG_WARN_OBJC_LITERAL_CONVERSION = YES;
				CLANG_WARN_OBJC_ROOT_CLASS = YES_ERROR;
				CLANG_WARN_QUOTED_INCLUDE_IN_FRAMEWORK_HEADER = YES;
				CLANG_WARN_RANGE_LOOP_ANALYSIS = YES;
				CLANG_WARN_STRICT_PROTOTYPES = YES;
				CLANG_WARN_SUSPICIOUS_MOVE = YES;
				CLANG_WARN_UNGUARDED_AVAILABILITY = YES_AGGRESSIVE;
				CLANG_WARN_UNREACHABLE_CODE = YES;
				CLANG_WARN__DUPLICATE_METHOD_MATCH = YES;
				COPY_PHASE_STRIP = NO;
				DEBUG_INFORMATION_FORMAT = "dwarf-with-dsym";
				ENABLE_NS_ASSERTIONS = NO;
				ENABLE_STRICT_OBJC_MSGSEND = YES;
				GCC_C_LANGUAGE_STANDARD = gnu11;
				GCC_NO_COMMON_BLOCKS = YES;
				GCC_WARN_64_TO_32_BIT_CONVERSION = YES;
				GCC_WARN_ABOUT_RETURN_TYPE = YES_ERROR;
				GCC_WARN_UNDECLARED_SELECTOR = YES;
				GCC_WARN_UNINITIALIZED_AUTOS = YES_AGGRESSIVE;
				GCC_WARN_UNUSED_FUNCTION = YES;
				GCC_WARN_UNUSED_VARIABLE = YES;
				IPHONEOS_DEPLOYMENT_TARGET = 16.4;
				MTL_ENABLE_DEBUG_INFO = NO;
				MTL_FAST_MATH = YES;
				SDKROOT = iphoneos;
				SWIFT_COMPILATION_MODE = wholemodule;
				SWIFT_OPTIMIZATION_LEVEL = "-O";
				VALIDATE_PRODUCT = YES;
			};
			name = Release;
		};
		21667BFA2A4A1E880046A4A3 /* Debug */ = {
			isa = XCBuildConfiguration;
			buildSettings = {
				ASSETCATALOG_COMPILER_APPICON_NAME = AppIcon;
				ASSETCATALOG_COMPILER_GLOBAL_ACCENT_COLOR_NAME = AccentColor;
				CODE_SIGN_STYLE = Automatic;
				CURRENT_PROJECT_VERSION = 1;
				DEVELOPMENT_ASSET_PATHS = "\"Weather/Preview Content\"";
				ENABLE_PREVIEWS = YES;
				GENERATE_INFOPLIST_FILE = YES;
				INFOPLIST_KEY_UIApplicationSceneManifest_Generation = YES;
				INFOPLIST_KEY_UIApplicationSupportsIndirectInputEvents = YES;
				INFOPLIST_KEY_UILaunchScreen_Generation = YES;
				INFOPLIST_KEY_UISupportedInterfaceOrientations_iPad = "UIInterfaceOrientationPortrait UIInterfaceOrientationPortraitUpsideDown UIInterfaceOrientationLandscapeLeft UIInterfaceOrientationLandscapeRight";
				INFOPLIST_KEY_UISupportedInterfaceOrientations_iPhone = "UIInterfaceOrientationPortrait UIInterfaceOrientationLandscapeLeft UIInterfaceOrientationLandscapeRight";
				IPHONEOS_DEPLOYMENT_TARGET = 16.0;
				LD_RUNPATH_SEARCH_PATHS = (
					"$(inherited)",
					"@executable_path/Frameworks",
				);
				MARKETING_VERSION = 1.0;
				PRODUCT_BUNDLE_IDENTIFIER = com.AbuHashim.Weather;
				PRODUCT_NAME = "$(TARGET_NAME)";
				SWIFT_EMIT_LOC_STRINGS = YES;
				SWIFT_VERSION = 5.0;
				TARGETED_DEVICE_FAMILY = "1,2";
			};
			name = Debug;
		};
		21667BFB2A4A1E880046A4A3 /* Release */ = {
			isa = XCBuildConfiguration;
			buildSettings = {
				ASSETCATALOG_COMPILER_APPICON_NAME = AppIcon;
				ASSETCATALOG_COMPILER_GLOBAL_ACCENT_COLOR_NAME = AccentColor;
				CODE_SIGN_STYLE = Automatic;
				CURRENT_PROJECT_VERSION = 1;
				DEVELOPMENT_ASSET_PATHS = "\"Weather/Preview Content\"";
				ENABLE_PREVIEWS = YES;
				GENERATE_INFOPLIST_FILE = YES;
				INFOPLIST_KEY_UIApplicationSceneManifest_Generation = YES;
				INFOPLIST_KEY_UIApplicationSupportsIndirectInputEvents = YES;
				INFOPLIST_KEY_UILaunchScreen_Generation = YES;
				INFOPLIST_KEY_UISupportedInterfaceOrientations_iPad = "UIInterfaceOrientationPortrait UIInterfaceOrientationPortraitUpsideDown UIInterfaceOrientationLandscapeLeft UIInterfaceOrientationLandscapeRight";
				INFOPLIST_KEY_UISupportedInterfaceOrientations_iPhone = "UIInterfaceOrientationPortrait UIInterfaceOrientationLandscapeLeft UIInterfaceOrientationLandscapeRight";
				IPHONEOS_DEPLOYMENT_TARGET = 16.0;
				LD_RUNPATH_SEARCH_PATHS = (
					"$(inherited)",
					"@executable_path/Frameworks",
				);
				MARKETING_VERSION = 1.0;
				PRODUCT_BUNDLE_IDENTIFIER = com.AbuHashim.Weather;
				PRODUCT_NAME = "$(TARGET_NAME)";
				SWIFT_EMIT_LOC_STRINGS = YES;
				SWIFT_VERSION = 5.0;
				TARGETED_DEVICE_FAMILY = "1,2";
			};
			name = Release;
		};
/* End XCBuildConfiguration section */

/* Begin XCConfigurationList section */
		21667BE62A4A1E870046A4A3 /* Build configuration list for PBXProject "Weather" */ = {
			isa = XCConfigurationList;
			buildConfigurations = (
				21667BF72A4A1E880046A4A3 /* Debug */,
				21667BF82A4A1E880046A4A3 /* Release */,
			);
			defaultConfigurationIsVisible = 0;
			defaultConfigurationName = Release;
		};
		21667BF92A4A1E880046A4A3 /* Build configuration list for PBXNativeTarget "Weather" */ = {
			isa = XCConfigurationList;
			buildConfigurations = (
				21667BFA2A4A1E880046A4A3 /* Debug */,
				21667BFB2A4A1E880046A4A3 /* Release */,
			);
			defaultConfigurationIsVisible = 0;
			defaultConfigurationName = Release;
		};
/* End XCConfigurationList section */
	};
	rootObject = 21667BE32A4A1E870046A4A3 /* Project object */;
}
